
Microsoft Visual Studio Solution File, Format Version 12.00
# Visual Studio Version 16
VisualStudioVersion = 16.0.30611.23
MinimumVisualStudioVersion = 10.0.40219.1
Project("{FAE04EC0-301F-11D3-BF4B-00C04F79EFBC}") = "ConditionOperators", "ConditionOperators\ConditionOperators.csproj", "{2A1D7EEE-79CF-4B9B-A5D7-774BE762BA7F}"
EndProject
Project("{FAE04EC0-301F-11D3-BF4B-00C04F79EFBC}") = "WelcomeSystem", "WelcomeSystem\WelcomeSystem.csproj", "{00854DA5-072F-4966-A3B9-255194064701}"
EndProject
Global
	GlobalSection(SolutionConfigurationPlatforms) = preSolution
		Debug|Any CPU = Debug|Any CPU
		Release|Any CPU = Release|Any CPU
	EndGlobalSection
	GlobalSection(ProjectConfigurationPlatforms) = postSolution
		{2A1D7EEE-79CF-4B9B-A5D7-774BE762BA7F}.Debug|Any CPU.ActiveCfg = Debug|Any CPU
		{2A1D7EEE-79CF-4B9B-A5D7-774BE762BA7F}.Debug|Any CPU.Build.0 = Debug|Any CPU
		{2A1D7EEE-79CF-4B9B-A5D7-774BE762BA7F}.Release|Any CPU.ActiveCfg = Release|Any CPU
		{2A1D7EEE-79CF-4B9B-A5D7-774BE762BA7F}.Release|Any CPU.Build.0 = Release|Any CPU
		{00854DA5-072F-4966-A3B9-255194064701}.Debug|Any CPU.ActiveCfg = Debug|Any CPU
		{00854DA5-072F-4966-A3B9-255194064701}.Debug|Any CPU.Build.0 = Debug|Any CPU
		{00854DA5-072F-4966-A3B9-255194064701}.Release|Any CPU.ActiveCfg = Release|Any CPU
		{00854DA5-072F-4966-A3B9-255194064701}.Release|Any CPU.Build.0 = Release|Any CPU
	EndGlobalSection
	GlobalSection(SolutionProperties) = preSolution
		HideSolutionNode = FALSE
	EndGlobalSection
	GlobalSection(ExtensibilityGlobals) = postSolution
		SolutionGuid = {178FC90A-527A-4D71-A4CD-F83E9CDCECDD}
	EndGlobalSection
EndGlobal
